<?xml version="1.0" encoding="utf-8"?>
<Project ToolsVersion="4.0" xmlns="http://schemas.microsoft.com/developer/msbuild/2003">
  <ItemGroup>
    <Filter Include="src">
      <UniqueIdentifier>{ed4a52f5-ba7a-4e5c-814f-2d6d754ee182}</UniqueIdentifier>
    </Filter>
    <Filter Include="include">
      <UniqueIdentifier>{39e2e887-7f2c-470c-bfc4-9c1689c22fad}</UniqueIdentifier>
    </Filter>
  </ItemGroup>
  <ItemGroup>
    <ClCompile Include="AOHook.cpp">
      <Filter>src</Filter>
    </ClCompile>
  </ItemGroup>
  <ItemGroup>
    <Library Include="..\madCodeHookLibL\Dll\madCodeHookLib - microsoft.lib" />
  </ItemGroup>
</Project>